// !$*UTF8*$!
{
	archiveVersion = 1;
	classes = {
	};
	objectVersion = 56;
	objects = {

/* Begin PBXBuildFile section */
		EA10B2C628F3603F00C28E95 /* ShoppingListCD2App.swift in Sources */ = {isa = PBXBuildFile; fileRef = EA10B2C528F3603F00C28E95 /* ShoppingListCD2App.swift */; };
		EA10B2C828F3603F00C28E95 /* ContentView.swift in Sources */ = {isa = PBXBuildFile; fileRef = EA10B2C728F3603F00C28E95 /* ContentView.swift */; };
		EA10B2CA28F3604100C28E95 /* Assets.xcassets in Resources */ = {isa = PBXBuildFile; fileRef = EA10B2C928F3604100C28E95 /* Assets.xcassets */; };
		EA10B2CD28F3604100C28E95 /* Preview Assets.xcassets in Resources */ = {isa = PBXBuildFile; fileRef = EA10B2CC28F3604100C28E95 /* Preview Assets.xcassets */; };
		EA10B2D528F3612600C28E95 /* ShoppingList.xcdatamodeld in Sources */ = {isa = PBXBuildFile; fileRef = EA10B2D328F3612600C28E95 /* ShoppingList.xcdatamodeld */; };
		EA10B2D728F3666E00C28E95 /* DataController.swift in Sources */ = {isa = PBXBuildFile; fileRef = EA10B2D628F3666E00C28E95 /* DataController.swift */; };
		EA10B2D928F3F69900C28E95 /* ItemLabelView.swift in Sources */ = {isa = PBXBuildFile; fileRef = EA10B2D828F3F69900C28E95 /* ItemLabelView.swift */; };
		EA10B2DB28F3F87600C28E95 /* Item-CoreDataHelpers.swift in Sources */ = {isa = PBXBuildFile; fileRef = EA10B2DA28F3F87600C28E95 /* Item-CoreDataHelpers.swift */; };
		EA10B2DD28F3F9D300C28E95 /* ItemLabels-CoreDataHelpers.swift in Sources */ = {isa = PBXBuildFile; fileRef = EA10B2DC28F3F9D300C28E95 /* ItemLabels-CoreDataHelpers.swift */; };
		EAF3A3A92901702B0011D8AC /* Colours.xcassets in Resources */ = {isa = PBXBuildFile; fileRef = EAF3A3A82901702B0011D8AC /* Colours.xcassets */; };
		EAF3A3AB2901C8DC0011D8AC /* AddItemView.swift in Sources */ = {isa = PBXBuildFile; fileRef = EAF3A3AA2901C8DC0011D8AC /* AddItemView.swift */; };
		EAF3A3AD290281910011D8AC /* AddLabelView.swift in Sources */ = {isa = PBXBuildFile; fileRef = EAF3A3AC290281910011D8AC /* AddLabelView.swift */; };
		EAFBC29E28F751F200ABDE44 /* ItemListView.swift in Sources */ = {isa = PBXBuildFile; fileRef = EAFBC29D28F751F200ABDE44 /* ItemListView.swift */; };
		EAFBC2A128F7E44F00ABDE44 /* ItemRowView.swift in Sources */ = {isa = PBXBuildFile; fileRef = EAFBC2A028F7E44F00ABDE44 /* ItemRowView.swift */; };
		EAFBC2A328F7E52500ABDE44 /* EditItemView.swift in Sources */ = {isa = PBXBuildFile; fileRef = EAFBC2A228F7E52500ABDE44 /* EditItemView.swift */; };
/* End PBXBuildFile section */

/* Begin PBXFileReference section */
		EA10B2C228F3603F00C28E95 /* ShoppingListCD2.app */ = {isa = PBXFileReference; explicitFileType = wrapper.application; includeInIndex = 0; path = ShoppingListCD2.app; sourceTree = BUILT_PRODUCTS_DIR; };
		EA10B2C528F3603F00C28E95 /* ShoppingListCD2App.swift */ = {isa = PBXFileReference; lastKnownFileType = sourcecode.swift; path = ShoppingListCD2App.swift; sourceTree = "<group>"; };
		EA10B2C728F3603F00C28E95 /* ContentView.swift */ = {isa = PBXFileReference; lastKnownFileType = sourcecode.swift; path = ContentView.swift; sourceTree = "<group>"; };
		EA10B2C928F3604100C28E95 /* Assets.xcassets */ = {isa = PBXFileReference; lastKnownFileType = folder.assetcatalog; path = Assets.xcassets; sourceTree = "<group>"; };
		EA10B2CC28F3604100C28E95 /* Preview Assets.xcassets */ = {isa = PBXFileReference; lastKnownFileType = folder.assetcatalog; path = "Preview Assets.xcassets"; sourceTree = "<group>"; };
		EA10B2D428F3612600C28E95 /* ShoppingList.xcdatamodel */ = {isa = PBXFileReference; lastKnownFileType = wrapper.xcdatamodel; path = ShoppingList.xcdatamodel; sourceTree = "<group>"; };
		EA10B2D628F3666E00C28E95 /* DataController.swift */ = {isa = PBXFileReference; lastKnownFileType = sourcecode.swift; path = DataController.swift; sourceTree = "<group>"; };
		EA10B2D828F3F69900C28E95 /* ItemLabelView.swift */ = {isa = PBXFileReference; lastKnownFileType = sourcecode.swift; path = ItemLabelView.swift; sourceTree = "<group>"; };
		EA10B2DA28F3F87600C28E95 /* Item-CoreDataHelpers.swift */ = {isa = PBXFileReference; lastKnownFileType = sourcecode.swift; path = "Item-CoreDataHelpers.swift"; sourceTree = "<group>"; };
		EA10B2DC28F3F9D300C28E95 /* ItemLabels-CoreDataHelpers.swift */ = {isa = PBXFileReference; lastKnownFileType = sourcecode.swift; path = "ItemLabels-CoreDataHelpers.swift"; sourceTree = "<group>"; };
		EAF3A3A82901702B0011D8AC /* Colours.xcassets */ = {isa = PBXFileReference; lastKnownFileType = folder.assetcatalog; path = Colours.xcassets; sourceTree = "<group>"; };
		EAF3A3AA2901C8DC0011D8AC /* AddItemView.swift */ = {isa = PBXFileReference; lastKnownFileType = sourcecode.swift; path = AddItemView.swift; sourceTree = "<group>"; };
		EAF3A3AC290281910011D8AC /* AddLabelView.swift */ = {isa = PBXFileReference; lastKnownFileType = sourcecode.swift; path = AddLabelView.swift; sourceTree = "<group>"; };
		EAFBC29D28F751F200ABDE44 /* ItemListView.swift */ = {isa = PBXFileReference; lastKnownFileType = sourcecode.swift; path = ItemListView.swift; sourceTree = "<group>"; };
		EAFBC2A028F7E44F00ABDE44 /* ItemRowView.swift */ = {isa = PBXFileReference; lastKnownFileType = sourcecode.swift; path = ItemRowView.swift; sourceTree = "<group>"; };
		EAFBC2A228F7E52500ABDE44 /* EditItemView.swift */ = {isa = PBXFileReference; lastKnownFileType = sourcecode.swift; path = EditItemView.swift; sourceTree = "<group>"; };
/* End PBXFileReference section */

/* Begin PBXFrameworksBuildPhase section */
		EA10B2BF28F3603F00C28E95 /* Frameworks */ = {
			isa = PBXFrameworksBuildPhase;
			buildActionMask = 2147483647;
			files = (
			);
			runOnlyForDeploymentPostprocessing = 0;
		};
/* End PBXFrameworksBuildPhase section */

/* Begin PBXGroup section */
		EA10B2B928F3603F00C28E95 = {
			isa = PBXGroup;
			children = (
				EA10B2C428F3603F00C28E95 /* ShoppingListCD2 */,
				EA10B2C328F3603F00C28E95 /* Products */,
			);
			sourceTree = "<group>";
		};
		EA10B2C328F3603F00C28E95 /* Products */ = {
			isa = PBXGroup;
			children = (
				EA10B2C228F3603F00C28E95 /* ShoppingListCD2.app */,
			);
			name = Products;
			sourceTree = "<group>";
		};
		EA10B2C428F3603F00C28E95 /* ShoppingListCD2 */ = {
			isa = PBXGroup;
			children = (
				EA10B2C528F3603F00C28E95 /* ShoppingListCD2App.swift */,
				EAFBC2A428F7E7C000ABDE44 /* Views */,
				EA10B2D328F3612600C28E95 /* ShoppingList.xcdatamodeld */,
				EA10B2D628F3666E00C28E95 /* DataController.swift */,
				EA10B2DA28F3F87600C28E95 /* Item-CoreDataHelpers.swift */,
				EA10B2DC28F3F9D300C28E95 /* ItemLabels-CoreDataHelpers.swift */,
				EA10B2C928F3604100C28E95 /* Assets.xcassets */,
				EAF3A3A82901702B0011D8AC /* Colours.xcassets */,
				EA10B2CB28F3604100C28E95 /* Preview Content */,
			);
			path = ShoppingListCD2;
			sourceTree = "<group>";
		};
		EA10B2CB28F3604100C28E95 /* Preview Content */ = {
			isa = PBXGroup;
			children = (
				EA10B2CC28F3604100C28E95 /* Preview Assets.xcassets */,
			);
			path = "Preview Content";
			sourceTree = "<group>";
		};
		EAFBC2A428F7E7C000ABDE44 /* Views */ = {
			isa = PBXGroup;
			children = (
				EA10B2C728F3603F00C28E95 /* ContentView.swift */,
				EA10B2D828F3F69900C28E95 /* ItemLabelView.swift */,
				EAFBC29D28F751F200ABDE44 /* ItemListView.swift */,
				EAFBC2A028F7E44F00ABDE44 /* ItemRowView.swift */,
				EAF3A3AA2901C8DC0011D8AC /* AddItemView.swift */,
				EAF3A3AC290281910011D8AC /* AddLabelView.swift */,
				EAFBC2A228F7E52500ABDE44 /* EditItemView.swift */,
			);
			path = Views;
			sourceTree = "<group>";
		};
/* End PBXGroup section */

/* Begin PBXNativeTarget section */
		EA10B2C128F3603F00C28E95 /* ShoppingListCD2 */ = {
			isa = PBXNativeTarget;
			buildConfigurationList = EA10B2D028F3604100C28E95 /* Build configuration list for PBXNativeTarget "ShoppingListCD2" */;
			buildPhases = (
				EA10B2BE28F3603F00C28E95 /* Sources */,
				EA10B2BF28F3603F00C28E95 /* Frameworks */,
				EA10B2C028F3603F00C28E95 /* Resources */,
			);
			buildRules = (
			);
			dependencies = (
			);
			name = ShoppingListCD2;
			productName = ShoppingListCD2;
			productReference = EA10B2C228F3603F00C28E95 /* ShoppingListCD2.app */;
			productType = "com.apple.product-type.application";
		};
/* End PBXNativeTarget section */

/* Begin PBXProject section */
		EA10B2BA28F3603F00C28E95 /* Project object */ = {
			isa = PBXProject;
			attributes = {
				BuildIndependentTargetsInParallel = 1;
				LastSwiftUpdateCheck = 1400;
				LastUpgradeCheck = 1400;
				TargetAttributes = {
					EA10B2C128F3603F00C28E95 = {
						CreatedOnToolsVersion = 14.0.1;
					};
				};
			};
			buildConfigurationList = EA10B2BD28F3603F00C28E95 /* Build configuration list for PBXProject "ShoppingListCD2" */;
			compatibilityVersion = "Xcode 14.0";
			developmentRegion = en;
			hasScannedForEncodings = 0;
			knownRegions = (
				en,
				Base,
			);
			mainGroup = EA10B2B928F3603F00C28E95;
			productRefGroup = EA10B2C328F3603F00C28E95 /* Products */;
			projectDirPath = "";
			projectRoot = "";
			targets = (
				EA10B2C128F3603F00C28E95 /* ShoppingListCD2 */,
			);
		};
/* End PBXProject section */

/* Begin PBXResourcesBuildPhase section */
		EA10B2C028F3603F00C28E95 /* Resources */ = {
			isa = PBXResourcesBuildPhase;
			buildActionMask = 2147483647;
			files = (
				EA10B2CD28F3604100C28E95 /* Preview Assets.xcassets in Resources */,
				EAF3A3A92901702B0011D8AC /* Colours.xcassets in Resources */,
				EA10B2CA28F3604100C28E95 /* Assets.xcassets in Resources */,
			);
			runOnlyForDeploymentPostprocessing = 0;
		};
/* End PBXResourcesBuildPhase section */

/* Begin PBXSourcesBuildPhase section */
		EA10B2BE28F3603F00C28E95 /* Sources */ = {
			isa = PBXSourcesBuildPhase;
			buildActionMask = 2147483647;
			files = (
				EA10B2D528F3612600C28E95 /* ShoppingList.xcdatamodeld in Sources */,
				EA10B2D928F3F69900C28E95 /* ItemLabelView.swift in Sources */,
				EAFBC2A128F7E44F00ABDE44 /* ItemRowView.swift in Sources */,
				EA10B2DD28F3F9D300C28E95 /* ItemLabels-CoreDataHelpers.swift in Sources */,
				EA10B2D728F3666E00C28E95 /* DataController.swift in Sources */,
				EAF3A3AD290281910011D8AC /* AddLabelView.swift in Sources */,
				EA10B2C828F3603F00C28E95 /* ContentView.swift in Sources */,
				EA10B2C628F3603F00C28E95 /* ShoppingListCD2App.swift in Sources */,
				EAFBC2A328F7E52500ABDE44 /* EditItemView.swift in Sources */,
				EAF3A3AB2901C8DC0011D8AC /* AddItemView.swift in Sources */,
				EA10B2DB28F3F87600C28E95 /* Item-CoreDataHelpers.swift in Sources */,
				EAFBC29E28F751F200ABDE44 /* ItemListView.swift in Sources */,
			);
			runOnlyForDeploymentPostprocessing = 0;
		};
/* End PBXSourcesBuildPhase section */

/* Begin XCBuildConfiguration section */
		EA10B2CE28F3604100C28E95 /* Debug */ = {
			isa = XCBuildConfiguration;
			buildSettings = {
				ALWAYS_SEARCH_USER_PATHS = NO;
				CLANG_ANALYZER_NONNULL = YES;
				CLANG_ANALYZER_NUMBER_OBJECT_CONVERSION = YES_AGGRESSIVE;
				CLANG_CXX_LANGUAGE_STANDARD = "gnu++20";
				CLANG_ENABLE_MODULES = YES;
				CLANG_ENABLE_OBJC_ARC = YES;
				CLANG_ENABLE_OBJC_WEAK = YES;
				CLANG_WARN_BLOCK_CAPTURE_AUTORELEASING = YES;
				CLANG_WARN_BOOL_CONVERSION = YES;
				CLANG_WARN_COMMA = YES;
				CLANG_WARN_CONSTANT_CONVERSION = YES;
				CLANG_WARN_DEPRECATED_OBJC_IMPLEMENTATIONS = YES;
				CLANG_WARN_DIRECT_OBJC_ISA_USAGE = YES_ERROR;
				CLANG_WARN_DOCUMENTATION_COMMENTS = YES;
				CLANG_WARN_EMPTY_BODY = YES;
				CLANG_WARN_ENUM_CONVERSION = YES;
				CLANG_WARN_INFINITE_RECURSION = YES;
				CLANG_WARN_INT_CONVERSION = YES;
				CLANG_WARN_NON_LITERAL_NULL_CONVERSION = YES;
				CLANG_WARN_OBJC_IMPLICIT_RETAIN_SELF = YES;
				CLANG_WARN_OBJC_LITERAL_CONVERSION = YES;
				CLANG_WARN_OBJC_ROOT_CLASS = YES_ERROR;
				CLANG_WARN_QUOTED_INCLUDE_IN_FRAMEWORK_HEADER = YES;
				CLANG_WARN_RANGE_LOOP_ANALYSIS = YES;
				CLANG_WARN_STRICT_PROTOTYPES = YES;
				CLANG_WARN_SUSPICIOUS_MOVE = YES;
				CLANG_WARN_UNGUARDED_AVAILABILITY = YES_AGGRESSIVE;
				CLANG_WARN_UNREACHABLE_CODE = YES;
				CLANG_WARN__DUPLICATE_METHOD_MATCH = YES;
				COPY_PHASE_STRIP = NO;
				DEBUG_INFORMATION_FORMAT = dwarf;
				ENABLE_STRICT_OBJC_MSGSEND = YES;
				ENABLE_TESTABILITY = YES;
				GCC_C_LANGUAGE_STANDARD = gnu11;
				GCC_DYNAMIC_NO_PIC = NO;
				GCC_NO_COMMON_BLOCKS = YES;
				GCC_OPTIMIZATION_LEVEL = 0;
				GCC_PREPROCESSOR_DEFINITIONS = (
					"DEBUG=1",
					"$(inherited)",
				);
				GCC_WARN_64_TO_32_BIT_CONVERSION = YES;
				GCC_WARN_ABOUT_RETURN_TYPE = YES_ERROR;
				GCC_WARN_UNDECLARED_SELECTOR = YES;
				GCC_WARN_UNINITIALIZED_AUTOS = YES_AGGRESSIVE;
				GCC_WARN_UNUSED_FUNCTION = YES;
				GCC_WARN_UNUSED_VARIABLE = YES;
				IPHONEOS_DEPLOYMENT_TARGET = 16.0;
				MTL_ENABLE_DEBUG_INFO = INCLUDE_SOURCE;
				MTL_FAST_MATH = YES;
				ONLY_ACTIVE_ARCH = YES;
				SDKROOT = iphoneos;
				SWIFT_ACTIVE_COMPILATION_CONDITIONS = DEBUG;
				SWIFT_OPTIMIZATION_LEVEL = "-Onone";
			};
			name = Debug;
		};
		EA10B2CF28F3604100C28E95 /* Release */ = {
			isa = XCBuildConfiguration;
			buildSettings = {
				ALWAYS_SEARCH_USER_PATHS = NO;
				CLANG_ANALYZER_NONNULL = YES;
				CLANG_ANALYZER_NUMBER_OBJECT_CONVERSION = YES_AGGRESSIVE;
				CLANG_CXX_LANGUAGE_STANDARD = "gnu++20";
				CLANG_ENABLE_MODULES = YES;
				CLANG_ENABLE_OBJC_ARC = YES;
				CLANG_ENABLE_OBJC_WEAK = YES;
				CLANG_WARN_BLOCK_CAPTURE_AUTORELEASING = YES;
				CLANG_WARN_BOOL_CONVERSION = YES;
				CLANG_WARN_COMMA = YES;
				CLANG_WARN_CONSTANT_CONVERSION = YES;
				CLANG_WARN_DEPRECATED_OBJC_IMPLEMENTATIONS = YES;
				CLANG_WARN_DIRECT_OBJC_ISA_USAGE = YES_ERROR;
				CLANG_WARN_DOCUMENTATION_COMMENTS = YES;
				CLANG_WARN_EMPTY_BODY = YES;
				CLANG_WARN_ENUM_CONVERSION = YES;
				CLANG_WARN_INFINITE_RECURSION = YES;
				CLANG_WARN_INT_CONVERSION = YES;
				CLANG_WARN_NON_LITERAL_NULL_CONVERSION = YES;
				CLANG_WARN_OBJC_IMPLICIT_RETAIN_SELF = YES;
				CLANG_WARN_OBJC_LITERAL_CONVERSION = YES;
				CLANG_WARN_OBJC_ROOT_CLASS = YES_ERROR;
				CLANG_WARN_QUOTED_INCLUDE_IN_FRAMEWORK_HEADER = YES;
				CLANG_WARN_RANGE_LOOP_ANALYSIS = YES;
				CLANG_WARN_STRICT_PROTOTYPES = YES;
				CLANG_WARN_SUSPICIOUS_MOVE = YES;
				CLANG_WARN_UNGUARDED_AVAILABILITY = YES_AGGRESSIVE;
				CLANG_WARN_UNREACHABLE_CODE = YES;
				CLANG_WARN__DUPLICATE_METHOD_MATCH = YES;
				COPY_PHASE_STRIP = NO;
				DEBUG_INFORMATION_FORMAT = "dwarf-with-dsym";
				ENABLE_NS_ASSERTIONS = NO;
				ENABLE_STRICT_OBJC_MSGSEND = YES;
				GCC_C_LANGUAGE_STANDARD = gnu11;
				GCC_NO_COMMON_BLOCKS = YES;
				GCC_WARN_64_TO_32_BIT_CONVERSION = YES;
				GCC_WARN_ABOUT_RETURN_TYPE = YES_ERROR;
				GCC_WARN_UNDECLARED_SELECTOR = YES;
				GCC_WARN_UNINITIALIZED_AUTOS = YES_AGGRESSIVE;
				GCC_WARN_UNUSED_FUNCTION = YES;
				GCC_WARN_UNUSED_VARIABLE = YES;
				IPHONEOS_DEPLOYMENT_TARGET = 16.0;
				MTL_ENABLE_DEBUG_INFO = NO;
				MTL_FAST_MATH = YES;
				SDKROOT = iphoneos;
				SWIFT_COMPILATION_MODE = wholemodule;
				SWIFT_OPTIMIZATION_LEVEL = "-O";
				VALIDATE_PRODUCT = YES;
			};
			name = Release;
		};
		EA10B2D128F3604100C28E95 /* Debug */ = {
			isa = XCBuildConfiguration;
			buildSettings = {
				ASSETCATALOG_COMPILER_APPICON_NAME = AppIcon;
				ASSETCATALOG_COMPILER_GLOBAL_ACCENT_COLOR_NAME = AccentColor;
				CODE_SIGN_STYLE = Automatic;
				CURRENT_PROJECT_VERSION = 1;
				DEVELOPMENT_ASSET_PATHS = "\"ShoppingListCD2/Preview Content\"";
				DEVELOPMENT_TEAM = LJ3PA933XM;
				ENABLE_PREVIEWS = YES;
				GENERATE_INFOPLIST_FILE = YES;
				INFOPLIST_KEY_UIApplicationSceneManifest_Generation = YES;
				INFOPLIST_KEY_UIApplicationSupportsIndirectInputEvents = YES;
				INFOPLIST_KEY_UILaunchScreen_Generation = YES;
				INFOPLIST_KEY_UISupportedInterfaceOrientations_iPad = "UIInterfaceOrientationPortrait UIInterfaceOrientationPortraitUpsideDown UIInterfaceOrientationLandscapeLeft UIInterfaceOrientationLandscapeRight";
				INFOPLIST_KEY_UISupportedInterfaceOrientations_iPhone = "UIInterfaceOrientationPortrait UIInterfaceOrientationLandscapeLeft UIInterfaceOrientationLandscapeRight";
				LD_RUNPATH_SEARCH_PATHS = (
					"$(inherited)",
					"@executable_path/Frameworks",
				);
				MARKETING_VERSION = 1.0;
				PRODUCT_BUNDLE_IDENTIFIER = com.lawrencearcher.ShoppingListCD2;
				PRODUCT_NAME = "$(TARGET_NAME)";
				SWIFT_EMIT_LOC_STRINGS = YES;
				SWIFT_VERSION = 5.0;
				TARGETED_DEVICE_FAMILY = "1,2";
			};
			name = Debug;
		};
		EA10B2D228F3604100C28E95 /* Release */ = {
			isa = XCBuildConfiguration;
			buildSettings = {
				ASSETCATALOG_COMPILER_APPICON_NAME = AppIcon;
				ASSETCATALOG_COMPILER_GLOBAL_ACCENT_COLOR_NAME = AccentColor;
				CODE_SIGN_STYLE = Automatic;
				CURRENT_PROJECT_VERSION = 1;
				DEVELOPMENT_ASSET_PATHS = "\"ShoppingListCD2/Preview Content\"";
				DEVELOPMENT_TEAM = LJ3PA933XM;
				ENABLE_PREVIEWS = YES;
				GENERATE_INFOPLIST_FILE = YES;
				INFOPLIST_KEY_UIApplicationSceneManifest_Generation = YES;
				INFOPLIST_KEY_UIApplicationSupportsIndirectInputEvents = YES;
				INFOPLIST_KEY_UILaunchScreen_Generation = YES;
				INFOPLIST_KEY_UISupportedInterfaceOrientations_iPad = "UIInterfaceOrientationPortrait UIInterfaceOrientationPortraitUpsideDown UIInterfaceOrientationLandscapeLeft UIInterfaceOrientationLandscapeRight";
				INFOPLIST_KEY_UISupportedInterfaceOrientations_iPhone = "UIInterfaceOrientationPortrait UIInterfaceOrientationLandscapeLeft UIInterfaceOrientationLandscapeRight";
				LD_RUNPATH_SEARCH_PATHS = (
					"$(inherited)",
					"@executable_path/Frameworks",
				);
				MARKETING_VERSION = 1.0;
				PRODUCT_BUNDLE_IDENTIFIER = com.lawrencearcher.ShoppingListCD2;
				PRODUCT_NAME = "$(TARGET_NAME)";
				SWIFT_EMIT_LOC_STRINGS = YES;
				SWIFT_VERSION = 5.0;
				TARGETED_DEVICE_FAMILY = "1,2";
			};
			name = Release;
		};
/* End XCBuildConfiguration section */

/* Begin XCConfigurationList section */
		EA10B2BD28F3603F00C28E95 /* Build configuration list for PBXProject "ShoppingListCD2" */ = {
			isa = XCConfigurationList;
			buildConfigurations = (
				EA10B2CE28F3604100C28E95 /* Debug */,
				EA10B2CF28F3604100C28E95 /* Release */,
			);
			defaultConfigurationIsVisible = 0;
			defaultConfigurationName = Release;
		};
		EA10B2D028F3604100C28E95 /* Build configuration list for PBXNativeTarget "ShoppingListCD2" */ = {
			isa = XCConfigurationList;
			buildConfigurations = (
				EA10B2D128F3604100C28E95 /* Debug */,
				EA10B2D228F3604100C28E95 /* Release */,
			);
			defaultConfigurationIsVisible = 0;
			defaultConfigurationName = Release;
		};
/* End XCConfigurationList section */

/* Begin XCVersionGroup section */
		EA10B2D328F3612600C28E95 /* ShoppingList.xcdatamodeld */ = {
			isa = XCVersionGroup;
			children = (
				EA10B2D428F3612600C28E95 /* ShoppingList.xcdatamodel */,
			);
			currentVersion = EA10B2D428F3612600C28E95 /* ShoppingList.xcdatamodel */;
			path = ShoppingList.xcdatamodeld;
			sourceTree = "<group>";
			versionGroupType = wrapper.xcdatamodel;
		};
/* End XCVersionGroup section */
	};
	rootObject = EA10B2BA28F3603F00C28E95 /* Project object */;
}
